// !$*UTF8*$!
{
	archiveVersion = 1;
	classes = {
	};
	objectVersion = 56;
	objects = {

/* Begin PBXBuildFile section */
		66E0AD372BB3CA80002B8AC3 /* Hello_WorldApp.swift in Sources */ = {isa = PBXBuildFile; fileRef = 66E0AD362BB3CA80002B8AC3 /* Hello_WorldApp.swift */; };
		66E0AD392BB3CA80002B8AC3 /* ContentView.swift in Sources */ = {isa = PBXBuildFile; fileRef = 66E0AD382BB3CA80002B8AC3 /* ContentView.swift */; };
		66E0AD3B2BB3CA81002B8AC3 /* Assets.xcassets in Resources */ = {isa = PBXBuildFile; fileRef = 66E0AD3A2BB3CA81002B8AC3 /* Assets.xcassets */; };
		66E0AD3E2BB3CA81002B8AC3 /* Preview Assets.xcassets in Resources */ = {isa = PBXBuildFile; fileRef = 66E0AD3D2BB3CA81002B8AC3 /* Preview Assets.xcassets */; };
		66E0AD492BB3CA81002B8AC3 /* Hello_WorldTests.swift in Sources */ = {isa = PBXBuildFile; fileRef = 66E0AD482BB3CA81002B8AC3 /* Hello_WorldTests.swift */; };
		66E0AD532BB3CA81002B8AC3 /* Hello_WorldUITests.swift in Sources */ = {isa = PBXBuildFile; fileRef = 66E0AD522BB3CA81002B8AC3 /* Hello_WorldUITests.swift */; };
		66E0AD552BB3CA81002B8AC3 /* Hello_WorldUITestsLaunchTests.swift in Sources */ = {isa = PBXBuildFile; fileRef = 66E0AD542BB3CA81002B8AC3 /* Hello_WorldUITestsLaunchTests.swift */; };
/* End PBXBuildFile section */

/* Begin PBXContainerItemProxy section */
		66E0AD452BB3CA81002B8AC3 /* PBXContainerItemProxy */ = {
			isa = PBXContainerItemProxy;
			containerPortal = 66E0AD2B2BB3CA80002B8AC3 /* Project object */;
			proxyType = 1;
			remoteGlobalIDString = 66E0AD322BB3CA80002B8AC3;
			remoteInfo = "Hello World";
		};
		66E0AD4F2BB3CA81002B8AC3 /* PBXContainerItemProxy */ = {
			isa = PBXContainerItemProxy;
			containerPortal = 66E0AD2B2BB3CA80002B8AC3 /* Project object */;
			proxyType = 1;
			remoteGlobalIDString = 66E0AD322BB3CA80002B8AC3;
			remoteInfo = "Hello World";
		};
/* End PBXContainerItemProxy section */

/* Begin PBXFileReference section */
		66E0AD332BB3CA80002B8AC3 /* Hello World.app */ = {isa = PBXFileReference; explicitFileType = wrapper.application; includeInIndex = 0; path = "Hello World.app"; sourceTree = BUILT_PRODUCTS_DIR; };
		66E0AD362BB3CA80002B8AC3 /* Hello_WorldApp.swift */ = {isa = PBXFileReference; lastKnownFileType = sourcecode.swift; path = Hello_WorldApp.swift; sourceTree = "<group>"; };
		66E0AD382BB3CA80002B8AC3 /* ContentView.swift */ = {isa = PBXFileReference; lastKnownFileType = sourcecode.swift; path = ContentView.swift; sourceTree = "<group>"; };
		66E0AD3A2BB3CA81002B8AC3 /* Assets.xcassets */ = {isa = PBXFileReference; lastKnownFileType = folder.assetcatalog; path = Assets.xcassets; sourceTree = "<group>"; };
		66E0AD3D2BB3CA81002B8AC3 /* Preview Assets.xcassets */ = {isa = PBXFileReference; lastKnownFileType = folder.assetcatalog; path = "Preview Assets.xcassets"; sourceTree = "<group>"; };
		66E0AD3F2BB3CA81002B8AC3 /* Hello_World.entitlements */ = {isa = PBXFileReference; lastKnownFileType = text.plist.entitlements; path = Hello_World.entitlements; sourceTree = "<group>"; };
		66E0AD442BB3CA81002B8AC3 /* Hello WorldTests.xctest */ = {isa = PBXFileReference; explicitFileType = wrapper.cfbundle; includeInIndex = 0; path = "Hello WorldTests.xctest"; sourceTree = BUILT_PRODUCTS_DIR; };
		66E0AD482BB3CA81002B8AC3 /* Hello_WorldTests.swift */ = {isa = PBXFileReference; lastKnownFileType = sourcecode.swift; path = Hello_WorldTests.swift; sourceTree = "<group>"; };
		66E0AD4E2BB3CA81002B8AC3 /* Hello WorldUITests.xctest */ = {isa = PBXFileReference; explicitFileType = wrapper.cfbundle; includeInIndex = 0; path = "Hello WorldUITests.xctest"; sourceTree = BUILT_PRODUCTS_DIR; };
		66E0AD522BB3CA81002B8AC3 /* Hello_WorldUITests.swift */ = {isa = PBXFileReference; lastKnownFileType = sourcecode.swift; path = Hello_WorldUITests.swift; sourceTree = "<group>"; };
		66E0AD542BB3CA81002B8AC3 /* Hello_WorldUITestsLaunchTests.swift */ = {isa = PBXFileReference; lastKnownFileType = sourcecode.swift; path = Hello_WorldUITestsLaunchTests.swift; sourceTree = "<group>"; };
/* End PBXFileReference section */

/* Begin PBXFrameworksBuildPhase section */
		66E0AD302BB3CA80002B8AC3 /* Frameworks */ = {
			isa = PBXFrameworksBuildPhase;
			buildActionMask = 2147483647;
			files = (
			);
			runOnlyForDeploymentPostprocessing = 0;
		};
		66E0AD412BB3CA81002B8AC3 /* Frameworks */ = {
			isa = PBXFrameworksBuildPhase;
			buildActionMask = 2147483647;
			files = (
			);
			runOnlyForDeploymentPostprocessing = 0;
		};
		66E0AD4B2BB3CA81002B8AC3 /* Frameworks */ = {
			isa = PBXFrameworksBuildPhase;
			buildActionMask = 2147483647;
			files = (
			);
			runOnlyForDeploymentPostprocessing = 0;
		};
/* End PBXFrameworksBuildPhase section */

/* Begin PBXGroup section */
		66E0AD2A2BB3CA80002B8AC3 = {
			isa = PBXGroup;
			children = (
				66E0AD352BB3CA80002B8AC3 /* Hello World */,
				66E0AD472BB3CA81002B8AC3 /* Hello WorldTests */,
				66E0AD512BB3CA81002B8AC3 /* Hello WorldUITests */,
				66E0AD342BB3CA80002B8AC3 /* Products */,
			);
			sourceTree = "<group>";
		};
		66E0AD342BB3CA80002B8AC3 /* Products */ = {
			isa = PBXGroup;
			children = (
				66E0AD332BB3CA80002B8AC3 /* Hello World.app */,
				66E0AD442BB3CA81002B8AC3 /* Hello WorldTests.xctest */,
				66E0AD4E2BB3CA81002B8AC3 /* Hello WorldUITests.xctest */,
			);
			name = Products;
			sourceTree = "<group>";
		};
		66E0AD352BB3CA80002B8AC3 /* Hello World */ = {
			isa = PBXGroup;
			children = (
				66E0AD362BB3CA80002B8AC3 /* Hello_WorldApp.swift */,
				66E0AD382BB3CA80002B8AC3 /* ContentView.swift */,
				66E0AD3A2BB3CA81002B8AC3 /* Assets.xcassets */,
				66E0AD3F2BB3CA81002B8AC3 /* Hello_World.entitlements */,
				66E0AD3C2BB3CA81002B8AC3 /* Preview Content */,
			);
			path = "Hello World";
			sourceTree = "<group>";
		};
		66E0AD3C2BB3CA81002B8AC3 /* Preview Content */ = {
			isa = PBXGroup;
			children = (
				66E0AD3D2BB3CA81002B8AC3 /* Preview Assets.xcassets */,
			);
			path = "Preview Content";
			sourceTree = "<group>";
		};
		66E0AD472BB3CA81002B8AC3 /* Hello WorldTests */ = {
			isa = PBXGroup;
			children = (
				66E0AD482BB3CA81002B8AC3 /* Hello_WorldTests.swift */,
			);
			path = "Hello WorldTests";
			sourceTree = "<group>";
		};
		66E0AD512BB3CA81002B8AC3 /* Hello WorldUITests */ = {
			isa = PBXGroup;
			children = (
				66E0AD522BB3CA81002B8AC3 /* Hello_WorldUITests.swift */,
				66E0AD542BB3CA81002B8AC3 /* Hello_WorldUITestsLaunchTests.swift */,
			);
			path = "Hello WorldUITests";
			sourceTree = "<group>";
		};
/* End PBXGroup section */

/* Begin PBXNativeTarget section */
		66E0AD322BB3CA80002B8AC3 /* Hello World */ = {
			isa = PBXNativeTarget;
			buildConfigurationList = 66E0AD582BB3CA81002B8AC3 /* Build configuration list for PBXNativeTarget "Hello World" */;
			buildPhases = (
				66E0AD2F2BB3CA80002B8AC3 /* Sources */,
				66E0AD302BB3CA80002B8AC3 /* Frameworks */,
				66E0AD312BB3CA80002B8AC3 /* Resources */,
			);
			buildRules = (
			);
			dependencies = (
			);
			name = "Hello World";
			productName = "Hello World";
			productReference = 66E0AD332BB3CA80002B8AC3 /* Hello World.app */;
			productType = "com.apple.product-type.application";
		};
		66E0AD432BB3CA81002B8AC3 /* Hello WorldTests */ = {
			isa = PBXNativeTarget;
			buildConfigurationList = 66E0AD5B2BB3CA81002B8AC3 /* Build configuration list for PBXNativeTarget "Hello WorldTests" */;
			buildPhases = (
				66E0AD402BB3CA81002B8AC3 /* Sources */,
				66E0AD412BB3CA81002B8AC3 /* Frameworks */,
				66E0AD422BB3CA81002B8AC3 /* Resources */,
			);
			buildRules = (
			);
			dependencies = (
				66E0AD462BB3CA81002B8AC3 /* PBXTargetDependency */,
			);
			name = "Hello WorldTests";
			productName = "Hello WorldTests";
			productReference = 66E0AD442BB3CA81002B8AC3 /* Hello WorldTests.xctest */;
			productType = "com.apple.product-type.bundle.unit-test";
		};
		66E0AD4D2BB3CA81002B8AC3 /* Hello WorldUITests */ = {
			isa = PBXNativeTarget;
			buildConfigurationList = 66E0AD5E2BB3CA81002B8AC3 /* Build configuration list for PBXNativeTarget "Hello WorldUITests" */;
			buildPhases = (
				66E0AD4A2BB3CA81002B8AC3 /* Sources */,
				66E0AD4B2BB3CA81002B8AC3 /* Frameworks */,
				66E0AD4C2BB3CA81002B8AC3 /* Resources */,
			);
			buildRules = (
			);
			dependencies = (
				66E0AD502BB3CA81002B8AC3 /* PBXTargetDependency */,
			);
			name = "Hello WorldUITests";
			productName = "Hello WorldUITests";
			productReference = 66E0AD4E2BB3CA81002B8AC3 /* Hello WorldUITests.xctest */;
			productType = "com.apple.product-type.bundle.ui-testing";
		};
/* End PBXNativeTarget section */

/* Begin PBXProject section */
		66E0AD2B2BB3CA80002B8AC3 /* Project object */ = {
			isa = PBXProject;
			attributes = {
				BuildIndependentTargetsInParallel = 1;
				LastSwiftUpdateCheck = 1530;
				LastUpgradeCheck = 1530;
				TargetAttributes = {
					66E0AD322BB3CA80002B8AC3 = {
						CreatedOnToolsVersion = 15.3;
					};
					66E0AD432BB3CA81002B8AC3 = {
						CreatedOnToolsVersion = 15.3;
						TestTargetID = 66E0AD322BB3CA80002B8AC3;
					};
					66E0AD4D2BB3CA81002B8AC3 = {
						CreatedOnToolsVersion = 15.3;
						TestTargetID = 66E0AD322BB3CA80002B8AC3;
					};
				};
			};
			buildConfigurationList = 66E0AD2E2BB3CA80002B8AC3 /* Build configuration list for PBXProject "Hello World" */;
			compatibilityVersion = "Xcode 14.0";
			developmentRegion = en;
			hasScannedForEncodings = 0;
			knownRegions = (
				en,
				Base,
			);
			mainGroup = 66E0AD2A2BB3CA80002B8AC3;
			productRefGroup = 66E0AD342BB3CA80002B8AC3 /* Products */;
			projectDirPath = "";
			projectRoot = "";
			targets = (
				66E0AD322BB3CA80002B8AC3 /* Hello World */,
				66E0AD432BB3CA81002B8AC3 /* Hello WorldTests */,
				66E0AD4D2BB3CA81002B8AC3 /* Hello WorldUITests */,
			);
		};
/* End PBXProject section */

/* Begin PBXResourcesBuildPhase section */
		66E0AD312BB3CA80002B8AC3 /* Resources */ = {
			isa = PBXResourcesBuildPhase;
			buildActionMask = 2147483647;
			files = (
				66E0AD3E2BB3CA81002B8AC3 /* Preview Assets.xcassets in Resources */,
				66E0AD3B2BB3CA81002B8AC3 /* Assets.xcassets in Resources */,
			);
			runOnlyForDeploymentPostprocessing = 0;
		};
		66E0AD422BB3CA81002B8AC3 /* Resources */ = {
			isa = PBXResourcesBuildPhase;
			buildActionMask = 2147483647;
			files = (
			);
			runOnlyForDeploymentPostprocessing = 0;
		};
		66E0AD4C2BB3CA81002B8AC3 /* Resources */ = {
			isa = PBXResourcesBuildPhase;
			buildActionMask = 2147483647;
			files = (
			);
			runOnlyForDeploymentPostprocessing = 0;
		};
/* End PBXResourcesBuildPhase section */

/* Begin PBXSourcesBuildPhase section */
		66E0AD2F2BB3CA80002B8AC3 /* Sources */ = {
			isa = PBXSourcesBuildPhase;
			buildActionMask = 2147483647;
			files = (
				66E0AD392BB3CA80002B8AC3 /* ContentView.swift in Sources */,
				66E0AD372BB3CA80002B8AC3 /* Hello_WorldApp.swift in Sources */,
			);
			runOnlyForDeploymentPostprocessing = 0;
		};
		66E0AD402BB3CA81002B8AC3 /* Sources */ = {
			isa = PBXSourcesBuildPhase;
			buildActionMask = 2147483647;
			files = (
				66E0AD492BB3CA81002B8AC3 /* Hello_WorldTests.swift in Sources */,
			);
			runOnlyForDeploymentPostprocessing = 0;
		};
		66E0AD4A2BB3CA81002B8AC3 /* Sources */ = {
			isa = PBXSourcesBuildPhase;
			buildActionMask = 2147483647;
			files = (
				66E0AD552BB3CA81002B8AC3 /* Hello_WorldUITestsLaunchTests.swift in Sources */,
				66E0AD532BB3CA81002B8AC3 /* Hello_WorldUITests.swift in Sources */,
			);
			runOnlyForDeploymentPostprocessing = 0;
		};
/* End PBXSourcesBuildPhase section */

/* Begin PBXTargetDependency section */
		66E0AD462BB3CA81002B8AC3 /* PBXTargetDependency */ = {
			isa = PBXTargetDependency;
			target = 66E0AD322BB3CA80002B8AC3 /* Hello World */;
			targetProxy = 66E0AD452BB3CA81002B8AC3 /* PBXContainerItemProxy */;
		};
		66E0AD502BB3CA81002B8AC3 /* PBXTargetDependency */ = {
			isa = PBXTargetDependency;
			target = 66E0AD322BB3CA80002B8AC3 /* Hello World */;
			targetProxy = 66E0AD4F2BB3CA81002B8AC3 /* PBXContainerItemProxy */;
		};
/* End PBXTargetDependency section */

/* Begin XCBuildConfiguration section */
		66E0AD562BB3CA81002B8AC3 /* Debug */ = {
			isa = XCBuildConfiguration;
			buildSettings = {
				ALWAYS_SEARCH_USER_PATHS = NO;
				ASSETCATALOG_COMPILER_GENERATE_SWIFT_ASSET_SYMBOL_EXTENSIONS = YES;
				CLANG_ANALYZER_NONNULL = YES;
				CLANG_ANALYZER_NUMBER_OBJECT_CONVERSION = YES_AGGRESSIVE;
				CLANG_CXX_LANGUAGE_STANDARD = "gnu++20";
				CLANG_ENABLE_MODULES = YES;
				CLANG_ENABLE_OBJC_ARC = YES;
				CLANG_ENABLE_OBJC_WEAK = YES;
				CLANG_WARN_BLOCK_CAPTURE_AUTORELEASING = YES;
				CLANG_WARN_BOOL_CONVERSION = YES;
				CLANG_WARN_COMMA = YES;
				CLANG_WARN_CONSTANT_CONVERSION = YES;
				CLANG_WARN_DEPRECATED_OBJC_IMPLEMENTATIONS = YES;
				CLANG_WARN_DIRECT_OBJC_ISA_USAGE = YES_ERROR;
				CLANG_WARN_DOCUMENTATION_COMMENTS = YES;
				CLANG_WARN_EMPTY_BODY = YES;
				CLANG_WARN_ENUM_CONVERSION = YES;
				CLANG_WARN_INFINITE_RECURSION = YES;
				CLANG_WARN_INT_CONVERSION = YES;
				CLANG_WARN_NON_LITERAL_NULL_CONVERSION = YES;
				CLANG_WARN_OBJC_IMPLICIT_RETAIN_SELF = YES;
				CLANG_WARN_OBJC_LITERAL_CONVERSION = YES;
				CLANG_WARN_OBJC_ROOT_CLASS = YES_ERROR;
				CLANG_WARN_QUOTED_INCLUDE_IN_FRAMEWORK_HEADER = YES;
				CLANG_WARN_RANGE_LOOP_ANALYSIS = YES;
				CLANG_WARN_STRICT_PROTOTYPES = YES;
				CLANG_WARN_SUSPICIOUS_MOVE = YES;
				CLANG_WARN_UNGUARDED_AVAILABILITY = YES_AGGRESSIVE;
				CLANG_WARN_UNREACHABLE_CODE = YES;
				CLANG_WARN__DUPLICATE_METHOD_MATCH = YES;
				COPY_PHASE_STRIP = NO;
				DEBUG_INFORMATION_FORMAT = dwarf;
				ENABLE_STRICT_OBJC_MSGSEND = YES;
				ENABLE_TESTABILITY = YES;
				ENABLE_USER_SCRIPT_SANDBOXING = YES;
				GCC_C_LANGUAGE_STANDARD = gnu17;
				GCC_DYNAMIC_NO_PIC = NO;
				GCC_NO_COMMON_BLOCKS = YES;
				GCC_OPTIMIZATION_LEVEL = 0;
				GCC_PREPROCESSOR_DEFINITIONS = (
					"DEBUG=1",
					"$(inherited)",
				);
				GCC_WARN_64_TO_32_BIT_CONVERSION = YES;
				GCC_WARN_ABOUT_RETURN_TYPE = YES_ERROR;
				GCC_WARN_UNDECLARED_SELECTOR = YES;
				GCC_WARN_UNINITIALIZED_AUTOS = YES_AGGRESSIVE;
				GCC_WARN_UNUSED_FUNCTION = YES;
				GCC_WARN_UNUSED_VARIABLE = YES;
				LOCALIZATION_PREFERS_STRING_CATALOGS = YES;
				MACOSX_DEPLOYMENT_TARGET = 14.1;
				MTL_ENABLE_DEBUG_INFO = INCLUDE_SOURCE;
				MTL_FAST_MATH = YES;
				ONLY_ACTIVE_ARCH = YES;
				SDKROOT = macosx;
				SWIFT_ACTIVE_COMPILATION_CONDITIONS = "DEBUG $(inherited)";
				SWIFT_OPTIMIZATION_LEVEL = "-Onone";
			};
			name = Debug;
		};
		66E0AD572BB3CA81002B8AC3 /* Release */ = {
			isa = XCBuildConfiguration;
			buildSettings = {
				ALWAYS_SEARCH_USER_PATHS = NO;
				ASSETCATALOG_COMPILER_GENERATE_SWIFT_ASSET_SYMBOL_EXTENSIONS = YES;
				CLANG_ANALYZER_NONNULL = YES;
				CLANG_ANALYZER_NUMBER_OBJECT_CONVERSION = YES_AGGRESSIVE;
				CLANG_CXX_LANGUAGE_STANDARD = "gnu++20";
				CLANG_ENABLE_MODULES = YES;
				CLANG_ENABLE_OBJC_ARC = YES;
				CLANG_ENABLE_OBJC_WEAK = YES;
				CLANG_WARN_BLOCK_CAPTURE_AUTORELEASING = YES;
				CLANG_WARN_BOOL_CONVERSION = YES;
				CLANG_WARN_COMMA = YES;
				CLANG_WARN_CONSTANT_CONVERSION = YES;
				CLANG_WARN_DEPRECATED_OBJC_IMPLEMENTATIONS = YES;
				CLANG_WARN_DIRECT_OBJC_ISA_USAGE = YES_ERROR;
				CLANG_WARN_DOCUMENTATION_COMMENTS = YES;
				CLANG_WARN_EMPTY_BODY = YES;
				CLANG_WARN_ENUM_CONVERSION = YES;
				CLANG_WARN_INFINITE_RECURSION = YES;
				CLANG_WARN_INT_CONVERSION = YES;
				CLANG_WARN_NON_LITERAL_NULL_CONVERSION = YES;
				CLANG_WARN_OBJC_IMPLICIT_RETAIN_SELF = YES;
				CLANG_WARN_OBJC_LITERAL_CONVERSION = YES;
				CLANG_WARN_OBJC_ROOT_CLASS = YES_ERROR;
				CLANG_WARN_QUOTED_INCLUDE_IN_FRAMEWORK_HEADER = YES;
				CLANG_WARN_RANGE_LOOP_ANALYSIS = YES;
				CLANG_WARN_STRICT_PROTOTYPES = YES;
				CLANG_WARN_SUSPICIOUS_MOVE = YES;
				CLANG_WARN_UNGUARDED_AVAILABILITY = YES_AGGRESSIVE;
				CLANG_WARN_UNREACHABLE_CODE = YES;
				CLANG_WARN__DUPLICATE_METHOD_MATCH = YES;
				COPY_PHASE_STRIP = NO;
				DEBUG_INFORMATION_FORMAT = "dwarf-with-dsym";
				ENABLE_NS_ASSERTIONS = NO;
				ENABLE_STRICT_OBJC_MSGSEND = YES;
				ENABLE_USER_SCRIPT_SANDBOXING = YES;
				GCC_C_LANGUAGE_STANDARD = gnu17;
				GCC_NO_COMMON_BLOCKS = YES;
				GCC_WARN_64_TO_32_BIT_CONVERSION = YES;
				GCC_WARN_ABOUT_RETURN_TYPE = YES_ERROR;
				GCC_WARN_UNDECLARED_SELECTOR = YES;
				GCC_WARN_UNINITIALIZED_AUTOS = YES_AGGRESSIVE;
				GCC_WARN_UNUSED_FUNCTION = YES;
				GCC_WARN_UNUSED_VARIABLE = YES;
				LOCALIZATION_PREFERS_STRING_CATALOGS = YES;
				MACOSX_DEPLOYMENT_TARGET = 14.1;
				MTL_ENABLE_DEBUG_INFO = NO;
				MTL_FAST_MATH = YES;
				SDKROOT = macosx;
				SWIFT_COMPILATION_MODE = wholemodule;
			};
			name = Release;
		};
		66E0AD592BB3CA81002B8AC3 /* Debug */ = {
			isa = XCBuildConfiguration;
			buildSettings = {
				ASSETCATALOG_COMPILER_APPICON_NAME = AppIcon;
				ASSETCATALOG_COMPILER_GLOBAL_ACCENT_COLOR_NAME = AccentColor;
				CODE_SIGN_ENTITLEMENTS = "Hello World/Hello_World.entitlements";
				"CODE_SIGN_IDENTITY[sdk=macosx*]" = "-";
				CODE_SIGN_STYLE = Automatic;
				COMBINE_HIDPI_IMAGES = YES;
				CURRENT_PROJECT_VERSION = 1;
				DEVELOPMENT_ASSET_PATHS = "\"Hello World/Preview Content\"";
				DEVELOPMENT_TEAM = Q5M9MYLM7T;
				ENABLE_HARDENED_RUNTIME = YES;
				ENABLE_PREVIEWS = YES;
				GENERATE_INFOPLIST_FILE = YES;
				INFOPLIST_KEY_NSHumanReadableCopyright = "";
				LD_RUNPATH_SEARCH_PATHS = (
					"$(inherited)",
					"@executable_path/../Frameworks",
				);
				MARKETING_VERSION = 1.0;
				PRODUCT_BUNDLE_IDENTIFIER = "com.adamli008.Hello-World";
				PRODUCT_NAME = "$(TARGET_NAME)";
				SWIFT_EMIT_LOC_STRINGS = YES;
				SWIFT_VERSION = 5.0;
			};
			name = Debug;
		};
		66E0AD5A2BB3CA81002B8AC3 /* Release */ = {
			isa = XCBuildConfiguration;
			buildSettings = {
				ASSETCATALOG_COMPILER_APPICON_NAME = AppIcon;
				ASSETCATALOG_COMPILER_GLOBAL_ACCENT_COLOR_NAME = AccentColor;
				CODE_SIGN_ENTITLEMENTS = "Hello World/Hello_World.entitlements";
				"CODE_SIGN_IDENTITY[sdk=macosx*]" = "-";
				CODE_SIGN_STYLE = Automatic;
				COMBINE_HIDPI_IMAGES = YES;
				CURRENT_PROJECT_VERSION = 1;
				DEVELOPMENT_ASSET_PATHS = "\"Hello World/Preview Content\"";
				DEVELOPMENT_TEAM = Q5M9MYLM7T;
				ENABLE_HARDENED_RUNTIME = YES;
				ENABLE_PREVIEWS = YES;
				GENERATE_INFOPLIST_FILE = YES;
				INFOPLIST_KEY_NSHumanReadableCopyright = "";
				LD_RUNPATH_SEARCH_PATHS = (
					"$(inherited)",
					"@executable_path/../Frameworks",
				);
				MARKETING_VERSION = 1.0;
				PRODUCT_BUNDLE_IDENTIFIER = "com.adamli008.Hello-World";
				PRODUCT_NAME = "$(TARGET_NAME)";
				SWIFT_EMIT_LOC_STRINGS = YES;
				SWIFT_VERSION = 5.0;
			};
			name = Release;
		};
		66E0AD5C2BB3CA81002B8AC3 /* Debug */ = {
			isa = XCBuildConfiguration;
			buildSettings = {
				ALWAYS_EMBED_SWIFT_STANDARD_LIBRARIES = YES;
				BUNDLE_LOADER = "$(TEST_HOST)";
				CODE_SIGN_STYLE = Manual;
				CURRENT_PROJECT_VERSION = 1;
				DEVELOPMENT_TEAM = "";
				GENERATE_INFOPLIST_FILE = YES;
				MACOSX_DEPLOYMENT_TARGET = 14.1;
				MARKETING_VERSION = 1.0;
				PRODUCT_BUNDLE_IDENTIFIER = "com.adamli008.Hello-WorldTests";
				PRODUCT_NAME = "$(TARGET_NAME)";
				PROVISIONING_PROFILE_SPECIFIER = "";
				SWIFT_EMIT_LOC_STRINGS = NO;
				SWIFT_VERSION = 5.0;
				TEST_HOST = "$(BUILT_PRODUCTS_DIR)/Hello World.app/$(BUNDLE_EXECUTABLE_FOLDER_PATH)/Hello World";
			};
			name = Debug;
		};
		66E0AD5D2BB3CA81002B8AC3 /* Release */ = {
			isa = XCBuildConfiguration;
			buildSettings = {
				ALWAYS_EMBED_SWIFT_STANDARD_LIBRARIES = YES;
				BUNDLE_LOADER = "$(TEST_HOST)";
				CODE_SIGN_STYLE = Manual;
				CURRENT_PROJECT_VERSION = 1;
				DEVELOPMENT_TEAM = "";
				GENERATE_INFOPLIST_FILE = YES;
				MACOSX_DEPLOYMENT_TARGET = 14.1;
				MARKETING_VERSION = 1.0;
				PRODUCT_BUNDLE_IDENTIFIER = "com.adamli008.Hello-WorldTests";
				PRODUCT_NAME = "$(TARGET_NAME)";
				PROVISIONING_PROFILE_SPECIFIER = "";
				SWIFT_EMIT_LOC_STRINGS = NO;
				SWIFT_VERSION = 5.0;
				TEST_HOST = "$(BUILT_PRODUCTS_DIR)/Hello World.app/$(BUNDLE_EXECUTABLE_FOLDER_PATH)/Hello World";
			};
			name = Release;
		};
		66E0AD5F2BB3CA81002B8AC3 /* Debug */ = {
			isa = XCBuildConfiguration;
			buildSettings = {
				ALWAYS_EMBED_SWIFT_STANDARD_LIBRARIES = YES;
				CODE_SIGN_STYLE = Automatic;
				CURRENT_PROJECT_VERSION = 1;
				DEVELOPMENT_TEAM = Q5M9MYLM7T;
				GENERATE_INFOPLIST_FILE = YES;
				MARKETING_VERSION = 1.0;
				PRODUCT_BUNDLE_IDENTIFIER = "com.adamli008.Hello-WorldUITests";
				PRODUCT_NAME = "$(TARGET_NAME)";
				SWIFT_EMIT_LOC_STRINGS = NO;
				SWIFT_VERSION = 5.0;
				TEST_TARGET_NAME = "Hello World";
			};
			name = Debug;
		};
		66E0AD602BB3CA81002B8AC3 /* Release */ = {
			isa = XCBuildConfiguration;
			buildSettings = {
				ALWAYS_EMBED_SWIFT_STANDARD_LIBRARIES = YES;
				CODE_SIGN_STYLE = Automatic;
				CURRENT_PROJECT_VERSION = 1;
				DEVELOPMENT_TEAM = Q5M9MYLM7T;
				GENERATE_INFOPLIST_FILE = YES;
				MARKETING_VERSION = 1.0;
				PRODUCT_BUNDLE_IDENTIFIER = "com.adamli008.Hello-WorldUITests";
				PRODUCT_NAME = "$(TARGET_NAME)";
				SWIFT_EMIT_LOC_STRINGS = NO;
				SWIFT_VERSION = 5.0;
				TEST_TARGET_NAME = "Hello World";
			};
			name = Release;
		};
/* End XCBuildConfiguration section */

/* Begin XCConfigurationList section */
		66E0AD2E2BB3CA80002B8AC3 /* Build configuration list for PBXProject "Hello World" */ = {
			isa = XCConfigurationList;
			buildConfigurations = (
				66E0AD562BB3CA81002B8AC3 /* Debug */,
				66E0AD572BB3CA81002B8AC3 /* Release */,
			);
			defaultConfigurationIsVisible = 0;
			defaultConfigurationName = Release;
		};
		66E0AD582BB3CA81002B8AC3 /* Build configuration list for PBXNativeTarget "Hello World" */ = {
			isa = XCConfigurationList;
			buildConfigurations = (
				66E0AD592BB3CA81002B8AC3 /* Debug */,
				66E0AD5A2BB3CA81002B8AC3 /* Release */,
			);
			defaultConfigurationIsVisible = 0;
			defaultConfigurationName = Release;
		};
		66E0AD5B2BB3CA81002B8AC3 /* Build configuration list for PBXNativeTarget "Hello WorldTests" */ = {
			isa = XCConfigurationList;
			buildConfigurations = (
				66E0AD5C2BB3CA81002B8AC3 /* Debug */,
				66E0AD5D2BB3CA81002B8AC3 /* Release */,
			);
			defaultConfigurationIsVisible = 0;
			defaultConfigurationName = Release;
		};
		66E0AD5E2BB3CA81002B8AC3 /* Build configuration list for PBXNativeTarget "Hello WorldUITests" */ = {
			isa = XCConfigurationList;
			buildConfigurations = (
				66E0AD5F2BB3CA81002B8AC3 /* Debug */,
				66E0AD602BB3CA81002B8AC3 /* Release */,
			);
			defaultConfigurationIsVisible = 0;
			defaultConfigurationName = Release;
		};
/* End XCConfigurationList section */
	};
	rootObject = 66E0AD2B2BB3CA80002B8AC3 /* Project object */;
}
